
Microsoft Visual Studio Solution File, Format Version 12.00
# Visual Studio Version 17
VisualStudioVersion = 17.1.32421.90
MinimumVisualStudioVersion = 10.0.40219.1
Project("{FAE04EC0-301F-11D3-BF4B-00C04F79EFBC}") = "POOProva3C2Etapa1", "POOProva3C2Etapa1\POOProva3C2Etapa1.csproj", "{7F61938B-D249-4B40-8C7E-449513B9A4E5}"
EndProject
Global
	GlobalSection(SolutionConfigurationPlatforms) = preSolution
		Debug|Any CPU = Debug|Any CPU
		Release|Any CPU = Release|Any CPU
	EndGlobalSection
	GlobalSection(ProjectConfigurationPlatforms) = postSolution
		{7F61938B-D249-4B40-8C7E-449513B9A4E5}.Debug|Any CPU.ActiveCfg = Debug|Any CPU
		{7F61938B-D249-4B40-8C7E-449513B9A4E5}.Debug|Any CPU.Build.0 = Debug|Any CPU
		{7F61938B-D249-4B40-8C7E-449513B9A4E5}.Release|Any CPU.ActiveCfg = Release|Any CPU
		{7F61938B-D249-4B40-8C7E-449513B9A4E5}.Release|Any CPU.Build.0 = Release|Any CPU
	EndGlobalSection
	GlobalSection(SolutionProperties) = preSolution
		HideSolutionNode = FALSE
	EndGlobalSection
	GlobalSection(ExtensibilityGlobals) = postSolution
		SolutionGuid = {5313BF28-BFC5-4936-A540-4AC18381989A}
	EndGlobalSection
EndGlobal
